
Microsoft Visual Studio Solution File, Format Version 12.00
# Visual Studio Version 16
VisualStudioVersion = 16.0.30011.22
MinimumVisualStudioVersion = 10.0.40219.1
Project("{FAE04EC0-301F-11D3-BF4B-00C04F79EFBC}") = "step174-SuperUser", "step174-SuperUser.csproj", "{8DDB8328-3C25-4CD7-880D-A9D7FBE5D5EB}"
EndProject
Global
	GlobalSection(SolutionConfigurationPlatforms) = preSolution
		Debug|Any CPU = Debug|Any CPU
		Release|Any CPU = Release|Any CPU
	EndGlobalSection
	GlobalSection(ProjectConfigurationPlatforms) = postSolution
		{8DDB8328-3C25-4CD7-880D-A9D7FBE5D5EB}.Debug|Any CPU.ActiveCfg = Debug|Any CPU
		{8DDB8328-3C25-4CD7-880D-A9D7FBE5D5EB}.Debug|Any CPU.Build.0 = Debug|Any CPU
		{8DDB8328-3C25-4CD7-880D-A9D7FBE5D5EB}.Release|Any CPU.ActiveCfg = Release|Any CPU
		{8DDB8328-3C25-4CD7-880D-A9D7FBE5D5EB}.Release|Any CPU.Build.0 = Release|Any CPU
	EndGlobalSection
	GlobalSection(SolutionProperties) = preSolution
		HideSolutionNode = FALSE
	EndGlobalSection
	GlobalSection(ExtensibilityGlobals) = postSolution
		SolutionGuid = {30615986-6909-4C50-B755-566F19BCA2F6}
	EndGlobalSection
EndGlobal
