
Microsoft Visual Studio Solution File, Format Version 12.00
# Visual Studio Version 16
VisualStudioVersion = 16.0.30011.22
MinimumVisualStudioVersion = 10.0.40219.1
Project("{FAE04EC0-301F-11D3-BF4B-00C04F79EFBC}") = "step130-TestYourMight-VendingMachine", "step130-TestYourMight-VendingMachine.csproj", "{DBF62603-14B9-472A-A4C6-D0D4E243AAF7}"
EndProject
Global
	GlobalSection(SolutionConfigurationPlatforms) = preSolution
		Debug|Any CPU = Debug|Any CPU
		Release|Any CPU = Release|Any CPU
	EndGlobalSection
	GlobalSection(ProjectConfigurationPlatforms) = postSolution
		{DBF62603-14B9-472A-A4C6-D0D4E243AAF7}.Debug|Any CPU.ActiveCfg = Debug|Any CPU
		{DBF62603-14B9-472A-A4C6-D0D4E243AAF7}.Debug|Any CPU.Build.0 = Debug|Any CPU
		{DBF62603-14B9-472A-A4C6-D0D4E243AAF7}.Release|Any CPU.ActiveCfg = Release|Any CPU
		{DBF62603-14B9-472A-A4C6-D0D4E243AAF7}.Release|Any CPU.Build.0 = Release|Any CPU
	EndGlobalSection
	GlobalSection(SolutionProperties) = preSolution
		HideSolutionNode = FALSE
	EndGlobalSection
	GlobalSection(ExtensibilityGlobals) = postSolution
		SolutionGuid = {731ED65A-09F3-4013-91C7-8381CEE6638D}
	EndGlobalSection
EndGlobal
