
Microsoft Visual Studio Solution File, Format Version 12.00
# Visual Studio Version 16
VisualStudioVersion = 16.0.30011.22
MinimumVisualStudioVersion = 10.0.40219.1
Project("{FAE04EC0-301F-11D3-BF4B-00C04F79EFBC}") = "step88-Math-IncomeComparisonProgram", "step88-Math-IncomeComparisonProgram.csproj", "{8C5631F6-2657-4793-AD5A-6E05AC3FA86D}"
EndProject
Global
	GlobalSection(SolutionConfigurationPlatforms) = preSolution
		Debug|Any CPU = Debug|Any CPU
		Release|Any CPU = Release|Any CPU
	EndGlobalSection
	GlobalSection(ProjectConfigurationPlatforms) = postSolution
		{8C5631F6-2657-4793-AD5A-6E05AC3FA86D}.Debug|Any CPU.ActiveCfg = Debug|Any CPU
		{8C5631F6-2657-4793-AD5A-6E05AC3FA86D}.Debug|Any CPU.Build.0 = Debug|Any CPU
		{8C5631F6-2657-4793-AD5A-6E05AC3FA86D}.Release|Any CPU.ActiveCfg = Release|Any CPU
		{8C5631F6-2657-4793-AD5A-6E05AC3FA86D}.Release|Any CPU.Build.0 = Release|Any CPU
	EndGlobalSection
	GlobalSection(SolutionProperties) = preSolution
		HideSolutionNode = FALSE
	EndGlobalSection
	GlobalSection(ExtensibilityGlobals) = postSolution
		SolutionGuid = {7C5C81E1-01A2-4BD8-AC1B-89869617C453}
	EndGlobalSection
EndGlobal
