
Microsoft Visual Studio Solution File, Format Version 12.00
# Visual Studio Version 16
VisualStudioVersion = 16.0.30011.22
MinimumVisualStudioVersion = 10.0.40219.1
Project("{FAE04EC0-301F-11D3-BF4B-00C04F79EFBC}") = "step152-CatchIt", "step152-CatchIt.csproj", "{165D1B62-CE78-413F-9DC3-90645A5843EE}"
EndProject
Global
	GlobalSection(SolutionConfigurationPlatforms) = preSolution
		Debug|Any CPU = Debug|Any CPU
		Release|Any CPU = Release|Any CPU
	EndGlobalSection
	GlobalSection(ProjectConfigurationPlatforms) = postSolution
		{165D1B62-CE78-413F-9DC3-90645A5843EE}.Debug|Any CPU.ActiveCfg = Debug|Any CPU
		{165D1B62-CE78-413F-9DC3-90645A5843EE}.Debug|Any CPU.Build.0 = Debug|Any CPU
		{165D1B62-CE78-413F-9DC3-90645A5843EE}.Release|Any CPU.ActiveCfg = Release|Any CPU
		{165D1B62-CE78-413F-9DC3-90645A5843EE}.Release|Any CPU.Build.0 = Release|Any CPU
	EndGlobalSection
	GlobalSection(SolutionProperties) = preSolution
		HideSolutionNode = FALSE
	EndGlobalSection
	GlobalSection(ExtensibilityGlobals) = postSolution
		SolutionGuid = {843F6B2F-27D5-40B6-BB64-4CA33A002F8E}
	EndGlobalSection
EndGlobal
